
Microsoft Visual Studio Solution File, Format Version 12.00
# Visual Studio Version 17
VisualStudioVersion = 17.0.31903.59
MinimumVisualStudioVersion = 10.0.40219.1
Project("{2150E333-8FDC-42A3-9474-1A3956D46DE8}") = "Services", "Services", "{5854FF58-B8C5-05C6-5BF2-ACE42193F22B}"
EndProject
Project("{2150E333-8FDC-42A3-9474-1A3956D46DE8}") = "ApiGateway", "ApiGateway", "{63DE6E05-7467-BB3D-0558-E8062A1DB852}"
EndProject
Project("{FAE04EC0-301F-11D3-BF4B-00C04F79EFBC}") = "ApiGatewayProj", "Services\ApiGateway\ApiGatewayProj\ApiGatewayProj.csproj", "{651591E4-C678-4153-B5EC-3A4002D9A07F}"
EndProject
Project("{2150E333-8FDC-42A3-9474-1A3956D46DE8}") = "UsersService", "UsersService", "{2765B5DA-9442-D40D-85ED-541040DF28AD}"
EndProject
Project("{FAE04EC0-301F-11D3-BF4B-00C04F79EFBC}") = "UsersProj", "Services\UsersService\UsersProj\UsersProj.csproj", "{42ADCEF3-7E07-4BCF-AE22-5C78B7307FDD}"
EndProject
Project("{2150E333-8FDC-42A3-9474-1A3956D46DE8}") = "SurveysService", "SurveysService", "{19815752-BC57-3191-AC58-CD227FE8EF96}"
EndProject
Project("{FAE04EC0-301F-11D3-BF4B-00C04F79EFBC}") = "SurveysProj", "Services\SurveysService\SurveysProj\SurveysProj.csproj", "{65EFE1AF-24E6-4AC4-B622-34FF37478525}"
EndProject
Project("{2150E333-8FDC-42A3-9474-1A3956D46DE8}") = "VotesService", "VotesService", "{D41F1C2C-CA8B-929A-2DBC-98B1A5B6427A}"
EndProject
Project("{FAE04EC0-301F-11D3-BF4B-00C04F79EFBC}") = "VotesProj", "Services\VotesService\VotesProj\VotesProj.csproj", "{343E1EAB-CAEF-4647-83DA-46E75123800E}"
EndProject
Project("{2150E333-8FDC-42A3-9474-1A3956D46DE8}") = "ResultsService", "ResultsService", "{A218E659-8B60-5B8F-DFA4-CBA7223D54DC}"
EndProject
Project("{FAE04EC0-301F-11D3-BF4B-00C04F79EFBC}") = "ResultsProj", "Services\ResultsService\ResultsProj\ResultsProj.csproj", "{541FAA18-584D-422B-96C3-43DB07B995CC}"
EndProject
Global
	GlobalSection(SolutionConfigurationPlatforms) = preSolution
		Debug|Any CPU = Debug|Any CPU
		Debug|x64 = Debug|x64
		Debug|x86 = Debug|x86
		Release|Any CPU = Release|Any CPU
		Release|x64 = Release|x64
		Release|x86 = Release|x86
	EndGlobalSection
	GlobalSection(ProjectConfigurationPlatforms) = postSolution
		{651591E4-C678-4153-B5EC-3A4002D9A07F}.Debug|Any CPU.ActiveCfg = Debug|Any CPU
		{651591E4-C678-4153-B5EC-3A4002D9A07F}.Debug|Any CPU.Build.0 = Debug|Any CPU
		{651591E4-C678-4153-B5EC-3A4002D9A07F}.Debug|x64.ActiveCfg = Debug|Any CPU
		{651591E4-C678-4153-B5EC-3A4002D9A07F}.Debug|x64.Build.0 = Debug|Any CPU
		{651591E4-C678-4153-B5EC-3A4002D9A07F}.Debug|x86.ActiveCfg = Debug|Any CPU
		{651591E4-C678-4153-B5EC-3A4002D9A07F}.Debug|x86.Build.0 = Debug|Any CPU
		{651591E4-C678-4153-B5EC-3A4002D9A07F}.Release|Any CPU.ActiveCfg = Release|Any CPU
		{651591E4-C678-4153-B5EC-3A4002D9A07F}.Release|Any CPU.Build.0 = Release|Any CPU
		{651591E4-C678-4153-B5EC-3A4002D9A07F}.Release|x64.ActiveCfg = Release|Any CPU
		{651591E4-C678-4153-B5EC-3A4002D9A07F}.Release|x64.Build.0 = Release|Any CPU
		{651591E4-C678-4153-B5EC-3A4002D9A07F}.Release|x86.ActiveCfg = Release|Any CPU
		{651591E4-C678-4153-B5EC-3A4002D9A07F}.Release|x86.Build.0 = Release|Any CPU
		{42ADCEF3-7E07-4BCF-AE22-5C78B7307FDD}.Debug|Any CPU.ActiveCfg = Debug|Any CPU
		{42ADCEF3-7E07-4BCF-AE22-5C78B7307FDD}.Debug|Any CPU.Build.0 = Debug|Any CPU
		{42ADCEF3-7E07-4BCF-AE22-5C78B7307FDD}.Debug|x64.ActiveCfg = Debug|Any CPU
		{42ADCEF3-7E07-4BCF-AE22-5C78B7307FDD}.Debug|x64.Build.0 = Debug|Any CPU
		{42ADCEF3-7E07-4BCF-AE22-5C78B7307FDD}.Debug|x86.ActiveCfg = Debug|Any CPU
		{42ADCEF3-7E07-4BCF-AE22-5C78B7307FDD}.Debug|x86.Build.0 = Debug|Any CPU
		{42ADCEF3-7E07-4BCF-AE22-5C78B7307FDD}.Release|Any CPU.ActiveCfg = Release|Any CPU
		{42ADCEF3-7E07-4BCF-AE22-5C78B7307FDD}.Release|Any CPU.Build.0 = Release|Any CPU
		{42ADCEF3-7E07-4BCF-AE22-5C78B7307FDD}.Release|x64.ActiveCfg = Release|Any CPU
		{42ADCEF3-7E07-4BCF-AE22-5C78B7307FDD}.Release|x64.Build.0 = Release|Any CPU
		{42ADCEF3-7E07-4BCF-AE22-5C78B7307FDD}.Release|x86.ActiveCfg = Release|Any CPU
		{42ADCEF3-7E07-4BCF-AE22-5C78B7307FDD}.Release|x86.Build.0 = Release|Any CPU
		{65EFE1AF-24E6-4AC4-B622-34FF37478525}.Debug|Any CPU.ActiveCfg = Debug|Any CPU
		{65EFE1AF-24E6-4AC4-B622-34FF37478525}.Debug|Any CPU.Build.0 = Debug|Any CPU
		{65EFE1AF-24E6-4AC4-B622-34FF37478525}.Debug|x64.ActiveCfg = Debug|Any CPU
		{65EFE1AF-24E6-4AC4-B622-34FF37478525}.Debug|x64.Build.0 = Debug|Any CPU
		{65EFE1AF-24E6-4AC4-B622-34FF37478525}.Debug|x86.ActiveCfg = Debug|Any CPU
		{65EFE1AF-24E6-4AC4-B622-34FF37478525}.Debug|x86.Build.0 = Debug|Any CPU
		{65EFE1AF-24E6-4AC4-B622-34FF37478525}.Release|Any CPU.ActiveCfg = Release|Any CPU
		{65EFE1AF-24E6-4AC4-B622-34FF37478525}.Release|Any CPU.Build.0 = Release|Any CPU
		{65EFE1AF-24E6-4AC4-B622-34FF37478525}.Release|x64.ActiveCfg = Release|Any CPU
		{65EFE1AF-24E6-4AC4-B622-34FF37478525}.Release|x64.Build.0 = Release|Any CPU
		{65EFE1AF-24E6-4AC4-B622-34FF37478525}.Release|x86.ActiveCfg = Release|Any CPU
		{65EFE1AF-24E6-4AC4-B622-34FF37478525}.Release|x86.Build.0 = Release|Any CPU
		{343E1EAB-CAEF-4647-83DA-46E75123800E}.Debug|Any CPU.ActiveCfg = Debug|Any CPU
		{343E1EAB-CAEF-4647-83DA-46E75123800E}.Debug|Any CPU.Build.0 = Debug|Any CPU
		{343E1EAB-CAEF-4647-83DA-46E75123800E}.Debug|x64.ActiveCfg = Debug|Any CPU
		{343E1EAB-CAEF-4647-83DA-46E75123800E}.Debug|x64.Build.0 = Debug|Any CPU
		{343E1EAB-CAEF-4647-83DA-46E75123800E}.Debug|x86.ActiveCfg = Debug|Any CPU
		{343E1EAB-CAEF-4647-83DA-46E75123800E}.Debug|x86.Build.0 = Debug|Any CPU
		{343E1EAB-CAEF-4647-83DA-46E75123800E}.Release|Any CPU.ActiveCfg = Release|Any CPU
		{343E1EAB-CAEF-4647-83DA-46E75123800E}.Release|Any CPU.Build.0 = Release|Any CPU
		{343E1EAB-CAEF-4647-83DA-46E75123800E}.Release|x64.ActiveCfg = Release|Any CPU
		{343E1EAB-CAEF-4647-83DA-46E75123800E}.Release|x64.Build.0 = Release|Any CPU
		{343E1EAB-CAEF-4647-83DA-46E75123800E}.Release|x86.ActiveCfg = Release|Any CPU
		{343E1EAB-CAEF-4647-83DA-46E75123800E}.Release|x86.Build.0 = Release|Any CPU
		{541FAA18-584D-422B-96C3-43DB07B995CC}.Debug|Any CPU.ActiveCfg = Debug|Any CPU
		{541FAA18-584D-422B-96C3-43DB07B995CC}.Debug|Any CPU.Build.0 = Debug|Any CPU
		{541FAA18-584D-422B-96C3-43DB07B995CC}.Debug|x64.ActiveCfg = Debug|Any CPU
		{541FAA18-584D-422B-96C3-43DB07B995CC}.Debug|x64.Build.0 = Debug|Any CPU
		{541FAA18-584D-422B-96C3-43DB07B995CC}.Debug|x86.ActiveCfg = Debug|Any CPU
		{541FAA18-584D-422B-96C3-43DB07B995CC}.Debug|x86.Build.0 = Debug|Any CPU
		{541FAA18-584D-422B-96C3-43DB07B995CC}.Release|Any CPU.ActiveCfg = Release|Any CPU
		{541FAA18-584D-422B-96C3-43DB07B995CC}.Release|Any CPU.Build.0 = Release|Any CPU
		{541FAA18-584D-422B-96C3-43DB07B995CC}.Release|x64.ActiveCfg = Release|Any CPU
		{541FAA18-584D-422B-96C3-43DB07B995CC}.Release|x64.Build.0 = Release|Any CPU
		{541FAA18-584D-422B-96C3-43DB07B995CC}.Release|x86.ActiveCfg = Release|Any CPU
		{541FAA18-584D-422B-96C3-43DB07B995CC}.Release|x86.Build.0 = Release|Any CPU
	EndGlobalSection
	GlobalSection(SolutionProperties) = preSolution
		HideSolutionNode = FALSE
	EndGlobalSection
	GlobalSection(NestedProjects) = preSolution
		{63DE6E05-7467-BB3D-0558-E8062A1DB852} = {5854FF58-B8C5-05C6-5BF2-ACE42193F22B}
		{651591E4-C678-4153-B5EC-3A4002D9A07F} = {63DE6E05-7467-BB3D-0558-E8062A1DB852}
		{2765B5DA-9442-D40D-85ED-541040DF28AD} = {5854FF58-B8C5-05C6-5BF2-ACE42193F22B}
		{42ADCEF3-7E07-4BCF-AE22-5C78B7307FDD} = {2765B5DA-9442-D40D-85ED-541040DF28AD}
		{19815752-BC57-3191-AC58-CD227FE8EF96} = {5854FF58-B8C5-05C6-5BF2-ACE42193F22B}
		{65EFE1AF-24E6-4AC4-B622-34FF37478525} = {19815752-BC57-3191-AC58-CD227FE8EF96}
		{D41F1C2C-CA8B-929A-2DBC-98B1A5B6427A} = {5854FF58-B8C5-05C6-5BF2-ACE42193F22B}
		{343E1EAB-CAEF-4647-83DA-46E75123800E} = {D41F1C2C-CA8B-929A-2DBC-98B1A5B6427A}
		{A218E659-8B60-5B8F-DFA4-CBA7223D54DC} = {5854FF58-B8C5-05C6-5BF2-ACE42193F22B}
		{541FAA18-584D-422B-96C3-43DB07B995CC} = {A218E659-8B60-5B8F-DFA4-CBA7223D54DC}
	EndGlobalSection
EndGlobal
